PODS:
  - Flutter (1.0.0)
  - multiscreen (0.0.1):
    - Flutter

DEPENDENCIES:
  - Flutter (from `.symlinks/flutter/ios`)
  - multiscreen (from `.symlinks/plugins/multiscreen/ios`)

EXTERNAL SOURCES:
  Flutter:
    :path: ".symlinks/flutter/ios"
  multiscreen:
    :path: ".symlinks/plugins/multiscreen/ios"

SPEC CHECKSUMS:
  Flutter: 58dd7d1b27887414a370fcccb9e645c08ffd7a6a
  multiscreen: 195979e6d47ab988592eff33f62a07e2899513d7

PODFILE CHECKSUM: b6a0a141693093b304368d08511b46cf3d1d0ac5

COCOAPODS: 1.6.1
